
Microsoft Visual Studio Solution File, Format Version 12.00
# Visual Studio 15
VisualStudioVersion = 15.0.25920.0
MinimumVisualStudioVersion = 10.0.40219.1
Project("{FAE04EC0-301F-11D3-BF4B-00C04F79EFBC}") = "PalindromeSolver", "PalindromeSolver\PalindromeSolver.csproj", "{AC083B59-2BB7-4602-984A-3460787CADF4}"
EndProject
Project("{FAE04EC0-301F-11D3-BF4B-00C04F79EFBC}") = "PalindromeSolver.Tests", "PalindromeSolver.Tests\PalindromeSolver.Tests.csproj", "{DD7192EB-29D2-4586-BE94-1200E0CF274B}"
EndProject
Project("{FAE04EC0-301F-11D3-BF4B-00C04F79EFBC}") = "PalindromeSolver.Runner", "PalindromeSolver.Runner\PalindromeSolver.Runner.csproj", "{4A92D408-F81A-4876-BE4F-9572BD44E3BC}"
EndProject
Global
	GlobalSection(SolutionConfigurationPlatforms) = preSolution
		Debug|Any CPU = Debug|Any CPU
		Release|Any CPU = Release|Any CPU
	EndGlobalSection
	GlobalSection(ProjectConfigurationPlatforms) = postSolution
		{AC083B59-2BB7-4602-984A-3460787CADF4}.Debug|Any CPU.ActiveCfg = Debug|Any CPU
		{AC083B59-2BB7-4602-984A-3460787CADF4}.Debug|Any CPU.Build.0 = Debug|Any CPU
		{AC083B59-2BB7-4602-984A-3460787CADF4}.Release|Any CPU.ActiveCfg = Release|Any CPU
		{AC083B59-2BB7-4602-984A-3460787CADF4}.Release|Any CPU.Build.0 = Release|Any CPU
		{DD7192EB-29D2-4586-BE94-1200E0CF274B}.Debug|Any CPU.ActiveCfg = Debug|Any CPU
		{DD7192EB-29D2-4586-BE94-1200E0CF274B}.Debug|Any CPU.Build.0 = Debug|Any CPU
		{DD7192EB-29D2-4586-BE94-1200E0CF274B}.Release|Any CPU.ActiveCfg = Release|Any CPU
		{DD7192EB-29D2-4586-BE94-1200E0CF274B}.Release|Any CPU.Build.0 = Release|Any CPU
		{4A92D408-F81A-4876-BE4F-9572BD44E3BC}.Debug|Any CPU.ActiveCfg = Debug|Any CPU
		{4A92D408-F81A-4876-BE4F-9572BD44E3BC}.Debug|Any CPU.Build.0 = Debug|Any CPU
		{4A92D408-F81A-4876-BE4F-9572BD44E3BC}.Release|Any CPU.ActiveCfg = Release|Any CPU
		{4A92D408-F81A-4876-BE4F-9572BD44E3BC}.Release|Any CPU.Build.0 = Release|Any CPU
	EndGlobalSection
	GlobalSection(SolutionProperties) = preSolution
		HideSolutionNode = FALSE
	EndGlobalSection
EndGlobal
